
Microsoft Visual Studio Solution File, Format Version 12.00
# Visual Studio Version 17
VisualStudioVersion = 17.2.32526.322
MinimumVisualStudioVersion = 10.0.40219.1
Project("{8BC9CEB8-8B4A-11D0-8D11-00A0C91BC942}") = "OS07_01", "OS07_01\OS07_01.vcxproj", "{F0BC3025-4ADD-4EC4-ACB3-5A607CF8949E}"
EndProject
Project("{8BC9CEB8-8B4A-11D0-8D11-00A0C91BC942}") = "OS07_02", "OS07_02\OS07_02.vcxproj", "{36DB980B-1EB4-4A4D-A8CF-6DFFCDF0F280}"
EndProject
Project("{8BC9CEB8-8B4A-11D0-8D11-00A0C91BC942}") = "OS07_03", "OS07_03\OS07_03.vcxproj", "{4A3C50EA-6B8B-4841-8D0E-34F97BDE4A1D}"
EndProject
Project("{8BC9CEB8-8B4A-11D0-8D11-00A0C91BC942}") = "OS07_04", "OS07_04\OS07_04.vcxproj", "{6C67BDEA-A7E5-46B5-80A9-A5F6A886E136}"
EndProject
Project("{8BC9CEB8-8B4A-11D0-8D11-00A0C91BC942}") = "OS07_05", "OS07_05\OS07_05.vcxproj", "{E233FC3E-1B84-473F-A158-EF8651DEABE9}"
EndProject
Project("{8BC9CEB8-8B4A-11D0-8D11-00A0C91BC942}") = "OS07_03A", "OS07_03A\OS07_03A.vcxproj", "{BB049072-FCD9-45D5-9372-C6D29635AA81}"
EndProject
Project("{8BC9CEB8-8B4A-11D0-8D11-00A0C91BC942}") = "OS07_03B", "OS07_03B\OS07_03B.vcxproj", "{8A5C1325-5080-4CB4-A3CA-1E2FB1D1FAF9}"
EndProject
Project("{8BC9CEB8-8B4A-11D0-8D11-00A0C91BC942}") = "OS07_04A", "OS07_04A\OS07_04A.vcxproj", "{FA1EA10F-136F-4025-8465-8500BDDC10EA}"
EndProject
Project("{8BC9CEB8-8B4A-11D0-8D11-00A0C91BC942}") = "OS07_04B", "OS07_04b\OS07_04b.vcxproj", "{6739E70F-A02B-4979-BA9B-822F451FD469}"
EndProject
Project("{8BC9CEB8-8B4A-11D0-8D11-00A0C91BC942}") = "OS07_05A", "OS07_05A\OS07_05A.vcxproj", "{9AB3F2F9-C7F4-4AEB-B005-953E256161F1}"
EndProject
Project("{8BC9CEB8-8B4A-11D0-8D11-00A0C91BC942}") = "OS07_05B", "OS07_05B\OS07_05B.vcxproj", "{504AEA0D-4B66-42E5-8830-FE44C442E387}"
EndProject
Global
	GlobalSection(SolutionConfigurationPlatforms) = preSolution
		Debug|x64 = Debug|x64
		Debug|x86 = Debug|x86
		Release|x64 = Release|x64
		Release|x86 = Release|x86
	EndGlobalSection
	GlobalSection(ProjectConfigurationPlatforms) = postSolution
		{F0BC3025-4ADD-4EC4-ACB3-5A607CF8949E}.Debug|x64.ActiveCfg = Debug|x64
		{F0BC3025-4ADD-4EC4-ACB3-5A607CF8949E}.Debug|x64.Build.0 = Debug|x64
		{F0BC3025-4ADD-4EC4-ACB3-5A607CF8949E}.Debug|x86.ActiveCfg = Debug|Win32
		{F0BC3025-4ADD-4EC4-ACB3-5A607CF8949E}.Debug|x86.Build.0 = Debug|Win32
		{F0BC3025-4ADD-4EC4-ACB3-5A607CF8949E}.Release|x64.ActiveCfg = Release|x64
		{F0BC3025-4ADD-4EC4-ACB3-5A607CF8949E}.Release|x64.Build.0 = Release|x64
		{F0BC3025-4ADD-4EC4-ACB3-5A607CF8949E}.Release|x86.ActiveCfg = Release|Win32
		{F0BC3025-4ADD-4EC4-ACB3-5A607CF8949E}.Release|x86.Build.0 = Release|Win32
		{36DB980B-1EB4-4A4D-A8CF-6DFFCDF0F280}.Debug|x64.ActiveCfg = Debug|x64
		{36DB980B-1EB4-4A4D-A8CF-6DFFCDF0F280}.Debug|x64.Build.0 = Debug|x64
		{36DB980B-1EB4-4A4D-A8CF-6DFFCDF0F280}.Debug|x86.ActiveCfg = Debug|Win32
		{36DB980B-1EB4-4A4D-A8CF-6DFFCDF0F280}.Debug|x86.Build.0 = Debug|Win32
		{36DB980B-1EB4-4A4D-A8CF-6DFFCDF0F280}.Release|x64.ActiveCfg = Release|x64
		{36DB980B-1EB4-4A4D-A8CF-6DFFCDF0F280}.Release|x64.Build.0 = Release|x64
		{36DB980B-1EB4-4A4D-A8CF-6DFFCDF0F280}.Release|x86.ActiveCfg = Release|Win32
		{36DB980B-1EB4-4A4D-A8CF-6DFFCDF0F280}.Release|x86.Build.0 = Release|Win32
		{4A3C50EA-6B8B-4841-8D0E-34F97BDE4A1D}.Debug|x64.ActiveCfg = Debug|x64
		{4A3C50EA-6B8B-4841-8D0E-34F97BDE4A1D}.Debug|x64.Build.0 = Debug|x64
		{4A3C50EA-6B8B-4841-8D0E-34F97BDE4A1D}.Debug|x86.ActiveCfg = Debug|Win32
		{4A3C50EA-6B8B-4841-8D0E-34F97BDE4A1D}.Debug|x86.Build.0 = Debug|Win32
		{4A3C50EA-6B8B-4841-8D0E-34F97BDE4A1D}.Release|x64.ActiveCfg = Release|x64
		{4A3C50EA-6B8B-4841-8D0E-34F97BDE4A1D}.Release|x64.Build.0 = Release|x64
		{4A3C50EA-6B8B-4841-8D0E-34F97BDE4A1D}.Release|x86.ActiveCfg = Release|Win32
		{4A3C50EA-6B8B-4841-8D0E-34F97BDE4A1D}.Release|x86.Build.0 = Release|Win32
		{6C67BDEA-A7E5-46B5-80A9-A5F6A886E136}.Debug|x64.ActiveCfg = Debug|x64
		{6C67BDEA-A7E5-46B5-80A9-A5F6A886E136}.Debug|x64.Build.0 = Debug|x64
		{6C67BDEA-A7E5-46B5-80A9-A5F6A886E136}.Debug|x86.ActiveCfg = Debug|Win32
		{6C67BDEA-A7E5-46B5-80A9-A5F6A886E136}.Debug|x86.Build.0 = Debug|Win32
		{6C67BDEA-A7E5-46B5-80A9-A5F6A886E136}.Release|x64.ActiveCfg = Release|x64
		{6C67BDEA-A7E5-46B5-80A9-A5F6A886E136}.Release|x64.Build.0 = Release|x64
		{6C67BDEA-A7E5-46B5-80A9-A5F6A886E136}.Release|x86.ActiveCfg = Release|Win32
		{6C67BDEA-A7E5-46B5-80A9-A5F6A886E136}.Release|x86.Build.0 = Release|Win32
		{E233FC3E-1B84-473F-A158-EF8651DEABE9}.Debug|x64.ActiveCfg = Debug|x64
		{E233FC3E-1B84-473F-A158-EF8651DEABE9}.Debug|x64.Build.0 = Debug|x64
		{E233FC3E-1B84-473F-A158-EF8651DEABE9}.Debug|x86.ActiveCfg = Debug|Win32
		{E233FC3E-1B84-473F-A158-EF8651DEABE9}.Debug|x86.Build.0 = Debug|Win32
		{E233FC3E-1B84-473F-A158-EF8651DEABE9}.Release|x64.ActiveCfg = Release|x64
		{E233FC3E-1B84-473F-A158-EF8651DEABE9}.Release|x64.Build.0 = Release|x64
		{E233FC3E-1B84-473F-A158-EF8651DEABE9}.Release|x86.ActiveCfg = Release|Win32
		{E233FC3E-1B84-473F-A158-EF8651DEABE9}.Release|x86.Build.0 = Release|Win32
		{BB049072-FCD9-45D5-9372-C6D29635AA81}.Debug|x64.ActiveCfg = Debug|x64
		{BB049072-FCD9-45D5-9372-C6D29635AA81}.Debug|x64.Build.0 = Debug|x64
		{BB049072-FCD9-45D5-9372-C6D29635AA81}.Debug|x86.ActiveCfg = Debug|Win32
		{BB049072-FCD9-45D5-9372-C6D29635AA81}.Debug|x86.Build.0 = Debug|Win32
		{BB049072-FCD9-45D5-9372-C6D29635AA81}.Release|x64.ActiveCfg = Release|x64
		{BB049072-FCD9-45D5-9372-C6D29635AA81}.Release|x64.Build.0 = Release|x64
		{BB049072-FCD9-45D5-9372-C6D29635AA81}.Release|x86.ActiveCfg = Release|Win32
		{BB049072-FCD9-45D5-9372-C6D29635AA81}.Release|x86.Build.0 = Release|Win32
		{8A5C1325-5080-4CB4-A3CA-1E2FB1D1FAF9}.Debug|x64.ActiveCfg = Debug|x64
		{8A5C1325-5080-4CB4-A3CA-1E2FB1D1FAF9}.Debug|x64.Build.0 = Debug|x64
		{8A5C1325-5080-4CB4-A3CA-1E2FB1D1FAF9}.Debug|x86.ActiveCfg = Debug|Win32
		{8A5C1325-5080-4CB4-A3CA-1E2FB1D1FAF9}.Debug|x86.Build.0 = Debug|Win32
		{8A5C1325-5080-4CB4-A3CA-1E2FB1D1FAF9}.Release|x64.ActiveCfg = Release|x64
		{8A5C1325-5080-4CB4-A3CA-1E2FB1D1FAF9}.Release|x64.Build.0 = Release|x64
		{8A5C1325-5080-4CB4-A3CA-1E2FB1D1FAF9}.Release|x86.ActiveCfg = Release|Win32
		{8A5C1325-5080-4CB4-A3CA-1E2FB1D1FAF9}.Release|x86.Build.0 = Release|Win32
		{FA1EA10F-136F-4025-8465-8500BDDC10EA}.Debug|x64.ActiveCfg = Debug|x64
		{FA1EA10F-136F-4025-8465-8500BDDC10EA}.Debug|x64.Build.0 = Debug|x64
		{FA1EA10F-136F-4025-8465-8500BDDC10EA}.Debug|x86.ActiveCfg = Debug|Win32
		{FA1EA10F-136F-4025-8465-8500BDDC10EA}.Debug|x86.Build.0 = Debug|Win32
		{FA1EA10F-136F-4025-8465-8500BDDC10EA}.Release|x64.ActiveCfg = Release|x64
		{FA1EA10F-136F-4025-8465-8500BDDC10EA}.Release|x64.Build.0 = Release|x64
		{FA1EA10F-136F-4025-8465-8500BDDC10EA}.Release|x86.ActiveCfg = Release|Win32
		{FA1EA10F-136F-4025-8465-8500BDDC10EA}.Release|x86.Build.0 = Release|Win32
		{6739E70F-A02B-4979-BA9B-822F451FD469}.Debug|x64.ActiveCfg = Debug|x64
		{6739E70F-A02B-4979-BA9B-822F451FD469}.Debug|x64.Build.0 = Debug|x64
		{6739E70F-A02B-4979-BA9B-822F451FD469}.Debug|x86.ActiveCfg = Debug|Win32
		{6739E70F-A02B-4979-BA9B-822F451FD469}.Debug|x86.Build.0 = Debug|Win32
		{6739E70F-A02B-4979-BA9B-822F451FD469}.Release|x64.ActiveCfg = Release|x64
		{6739E70F-A02B-4979-BA9B-822F451FD469}.Release|x64.Build.0 = Release|x64
		{6739E70F-A02B-4979-BA9B-822F451FD469}.Release|x86.ActiveCfg = Release|Win32
		{6739E70F-A02B-4979-BA9B-822F451FD469}.Release|x86.Build.0 = Release|Win32
		{9AB3F2F9-C7F4-4AEB-B005-953E256161F1}.Debug|x64.ActiveCfg = Debug|x64
		{9AB3F2F9-C7F4-4AEB-B005-953E256161F1}.Debug|x64.Build.0 = Debug|x64
		{9AB3F2F9-C7F4-4AEB-B005-953E256161F1}.Debug|x86.ActiveCfg = Debug|Win32
		{9AB3F2F9-C7F4-4AEB-B005-953E256161F1}.Debug|x86.Build.0 = Debug|Win32
		{9AB3F2F9-C7F4-4AEB-B005-953E256161F1}.Release|x64.ActiveCfg = Release|x64
		{9AB3F2F9-C7F4-4AEB-B005-953E256161F1}.Release|x64.Build.0 = Release|x64
		{9AB3F2F9-C7F4-4AEB-B005-953E256161F1}.Release|x86.ActiveCfg = Release|Win32
		{9AB3F2F9-C7F4-4AEB-B005-953E256161F1}.Release|x86.Build.0 = Release|Win32
		{504AEA0D-4B66-42E5-8830-FE44C442E387}.Debug|x64.ActiveCfg = Debug|x64
		{504AEA0D-4B66-42E5-8830-FE44C442E387}.Debug|x64.Build.0 = Debug|x64
		{504AEA0D-4B66-42E5-8830-FE44C442E387}.Debug|x86.ActiveCfg = Debug|Win32
		{504AEA0D-4B66-42E5-8830-FE44C442E387}.Debug|x86.Build.0 = Debug|Win32
		{504AEA0D-4B66-42E5-8830-FE44C442E387}.Release|x64.ActiveCfg = Release|x64
		{504AEA0D-4B66-42E5-8830-FE44C442E387}.Release|x64.Build.0 = Release|x64
		{504AEA0D-4B66-42E5-8830-FE44C442E387}.Release|x86.ActiveCfg = Release|Win32
		{504AEA0D-4B66-42E5-8830-FE44C442E387}.Release|x86.Build.0 = Release|Win32
	EndGlobalSection
	GlobalSection(SolutionProperties) = preSolution
		HideSolutionNode = FALSE
	EndGlobalSection
	GlobalSection(ExtensibilityGlobals) = postSolution
		SolutionGuid = {9B42E123-9AFA-45CF-B07D-E57D1475DD04}
	EndGlobalSection
EndGlobal
